
Microsoft Visual Studio Solution File, Format Version 12.00
# Visual Studio 14
VisualStudioVersion = 14.0.25420.1
MinimumVisualStudioVersion = 10.0.40219.1
Project("{FAE04EC0-301F-11D3-BF4B-00C04F79EFBC}") = "DAL", "DAL\DAL.csproj", "{8A813D80-F8B4-49C1-A9D8-DBC747CEBAAA}"
EndProject
Project("{FAE04EC0-301F-11D3-BF4B-00C04F79EFBC}") = "BLL", "DLL\BLL.csproj", "{4E3E4AAF-229A-4C04-9D35-F9C579ED4F0C}"
EndProject
Project("{FAE04EC0-301F-11D3-BF4B-00C04F79EFBC}") = "WCF", "WCF\WCF.csproj", "{9FCFD340-7EC0-42B2-BFE9-9AC942770D17}"
EndProject
Project("{FAE04EC0-301F-11D3-BF4B-00C04F79EFBC}") = "WindowsService", "WindowsService\WindowsService.csproj", "{A659BF56-4F8A-4615-B6CB-23441339D936}"
EndProject
Project("{FAE04EC0-301F-11D3-BF4B-00C04F79EFBC}") = "Client", "Client\Client.csproj", "{2F730582-040D-4EAF-9CC9-D2303D7518D8}"
EndProject
Project("{FAE04EC0-301F-11D3-BF4B-00C04F79EFBC}") = "Logger", "Logger\Logger.csproj", "{67D7ACFB-B1FE-433A-AF72-5A09CFC9FE16}"
EndProject
Project("{FAE04EC0-301F-11D3-BF4B-00C04F79EFBC}") = "Autorization", "Autorization\Autorization.csproj", "{7D1EC7D0-F3FA-41FA-B00C-FB49AAC9307B}"
EndProject
Project("{FAE04EC0-301F-11D3-BF4B-00C04F79EFBC}") = "ConsoleTestClient", "ConsoleTestClient\ConsoleTestClient.csproj", "{472E7DC4-1F4E-4D27-9899-F4693776163B}"
EndProject
Global
	GlobalSection(SolutionConfigurationPlatforms) = preSolution
		Debug|Any CPU = Debug|Any CPU
		Release|Any CPU = Release|Any CPU
	EndGlobalSection
	GlobalSection(ProjectConfigurationPlatforms) = postSolution
		{8A813D80-F8B4-49C1-A9D8-DBC747CEBAAA}.Debug|Any CPU.ActiveCfg = Debug|Any CPU
		{8A813D80-F8B4-49C1-A9D8-DBC747CEBAAA}.Debug|Any CPU.Build.0 = Debug|Any CPU
		{8A813D80-F8B4-49C1-A9D8-DBC747CEBAAA}.Release|Any CPU.ActiveCfg = Release|Any CPU
		{8A813D80-F8B4-49C1-A9D8-DBC747CEBAAA}.Release|Any CPU.Build.0 = Release|Any CPU
		{4E3E4AAF-229A-4C04-9D35-F9C579ED4F0C}.Debug|Any CPU.ActiveCfg = Debug|Any CPU
		{4E3E4AAF-229A-4C04-9D35-F9C579ED4F0C}.Debug|Any CPU.Build.0 = Debug|Any CPU
		{4E3E4AAF-229A-4C04-9D35-F9C579ED4F0C}.Release|Any CPU.ActiveCfg = Release|Any CPU
		{4E3E4AAF-229A-4C04-9D35-F9C579ED4F0C}.Release|Any CPU.Build.0 = Release|Any CPU
		{9FCFD340-7EC0-42B2-BFE9-9AC942770D17}.Debug|Any CPU.ActiveCfg = Debug|Any CPU
		{9FCFD340-7EC0-42B2-BFE9-9AC942770D17}.Debug|Any CPU.Build.0 = Debug|Any CPU
		{9FCFD340-7EC0-42B2-BFE9-9AC942770D17}.Release|Any CPU.ActiveCfg = Release|Any CPU
		{9FCFD340-7EC0-42B2-BFE9-9AC942770D17}.Release|Any CPU.Build.0 = Release|Any CPU
		{A659BF56-4F8A-4615-B6CB-23441339D936}.Debug|Any CPU.ActiveCfg = Debug|Any CPU
		{A659BF56-4F8A-4615-B6CB-23441339D936}.Debug|Any CPU.Build.0 = Debug|Any CPU
		{A659BF56-4F8A-4615-B6CB-23441339D936}.Release|Any CPU.ActiveCfg = Release|Any CPU
		{A659BF56-4F8A-4615-B6CB-23441339D936}.Release|Any CPU.Build.0 = Release|Any CPU
		{2F730582-040D-4EAF-9CC9-D2303D7518D8}.Debug|Any CPU.ActiveCfg = Debug|Any CPU
		{2F730582-040D-4EAF-9CC9-D2303D7518D8}.Debug|Any CPU.Build.0 = Debug|Any CPU
		{2F730582-040D-4EAF-9CC9-D2303D7518D8}.Release|Any CPU.ActiveCfg = Release|Any CPU
		{2F730582-040D-4EAF-9CC9-D2303D7518D8}.Release|Any CPU.Build.0 = Release|Any CPU
		{67D7ACFB-B1FE-433A-AF72-5A09CFC9FE16}.Debug|Any CPU.ActiveCfg = Debug|Any CPU
		{67D7ACFB-B1FE-433A-AF72-5A09CFC9FE16}.Debug|Any CPU.Build.0 = Debug|Any CPU
		{67D7ACFB-B1FE-433A-AF72-5A09CFC9FE16}.Release|Any CPU.ActiveCfg = Release|Any CPU
		{67D7ACFB-B1FE-433A-AF72-5A09CFC9FE16}.Release|Any CPU.Build.0 = Release|Any CPU
		{7D1EC7D0-F3FA-41FA-B00C-FB49AAC9307B}.Debug|Any CPU.ActiveCfg = Debug|Any CPU
		{7D1EC7D0-F3FA-41FA-B00C-FB49AAC9307B}.Debug|Any CPU.Build.0 = Debug|Any CPU
		{7D1EC7D0-F3FA-41FA-B00C-FB49AAC9307B}.Release|Any CPU.ActiveCfg = Release|Any CPU
		{7D1EC7D0-F3FA-41FA-B00C-FB49AAC9307B}.Release|Any CPU.Build.0 = Release|Any CPU
		{472E7DC4-1F4E-4D27-9899-F4693776163B}.Debug|Any CPU.ActiveCfg = Debug|Any CPU
		{472E7DC4-1F4E-4D27-9899-F4693776163B}.Debug|Any CPU.Build.0 = Debug|Any CPU
		{472E7DC4-1F4E-4D27-9899-F4693776163B}.Release|Any CPU.ActiveCfg = Release|Any CPU
		{472E7DC4-1F4E-4D27-9899-F4693776163B}.Release|Any CPU.Build.0 = Release|Any CPU
	EndGlobalSection
	GlobalSection(SolutionProperties) = preSolution
		HideSolutionNode = FALSE
	EndGlobalSection
EndGlobal
