
Microsoft Visual Studio Solution File, Format Version 12.00
# Visual Studio 14
VisualStudioVersion = 14.0.25420.1
MinimumVisualStudioVersion = 10.0.40219.1
Project("{FAE04EC0-301F-11D3-BF4B-00C04F79EFBC}") = "DAL", "DAL\DAL.csproj", "{8A813D80-F8B4-49C1-A9D8-DBC747CEBAAA}"
EndProject
Project("{FAE04EC0-301F-11D3-BF4B-00C04F79EFBC}") = "BLL", "DLL\BLL.csproj", "{4E3E4AAF-229A-4C04-9D35-F9C579ED4F0C}"
EndProject
Project("{FAE04EC0-301F-11D3-BF4B-00C04F79EFBC}") = "WCF", "WCF\WCF.csproj", "{9FCFD340-7EC0-42B2-BFE9-9AC942770D17}"
EndProject
Project("{FAE04EC0-301F-11D3-BF4B-00C04F79EFBC}") = "WindowsService", "WindowsService\WindowsService.csproj", "{A659BF56-4F8A-4615-B6CB-23441339D936}"
EndProject
Global
	GlobalSection(SolutionConfigurationPlatforms) = preSolution
		Debug|Any CPU = Debug|Any CPU
		Release|Any CPU = Release|Any CPU
	EndGlobalSection
	GlobalSection(ProjectConfigurationPlatforms) = postSolution
		{8A813D80-F8B4-49C1-A9D8-DBC747CEBAAA}.Debug|Any CPU.ActiveCfg = Debug|Any CPU
		{8A813D80-F8B4-49C1-A9D8-DBC747CEBAAA}.Debug|Any CPU.Build.0 = Debug|Any CPU
		{8A813D80-F8B4-49C1-A9D8-DBC747CEBAAA}.Release|Any CPU.ActiveCfg = Release|Any CPU
		{8A813D80-F8B4-49C1-A9D8-DBC747CEBAAA}.Release|Any CPU.Build.0 = Release|Any CPU
		{4E3E4AAF-229A-4C04-9D35-F9C579ED4F0C}.Debug|Any CPU.ActiveCfg = Debug|Any CPU
		{4E3E4AAF-229A-4C04-9D35-F9C579ED4F0C}.Debug|Any CPU.Build.0 = Debug|Any CPU
		{4E3E4AAF-229A-4C04-9D35-F9C579ED4F0C}.Release|Any CPU.ActiveCfg = Release|Any CPU
		{4E3E4AAF-229A-4C04-9D35-F9C579ED4F0C}.Release|Any CPU.Build.0 = Release|Any CPU
		{9FCFD340-7EC0-42B2-BFE9-9AC942770D17}.Debug|Any CPU.ActiveCfg = Debug|Any CPU
		{9FCFD340-7EC0-42B2-BFE9-9AC942770D17}.Debug|Any CPU.Build.0 = Debug|Any CPU
		{9FCFD340-7EC0-42B2-BFE9-9AC942770D17}.Release|Any CPU.ActiveCfg = Release|Any CPU
		{9FCFD340-7EC0-42B2-BFE9-9AC942770D17}.Release|Any CPU.Build.0 = Release|Any CPU
		{A659BF56-4F8A-4615-B6CB-23441339D936}.Debug|Any CPU.ActiveCfg = Debug|Any CPU
		{A659BF56-4F8A-4615-B6CB-23441339D936}.Debug|Any CPU.Build.0 = Debug|Any CPU
		{A659BF56-4F8A-4615-B6CB-23441339D936}.Release|Any CPU.ActiveCfg = Release|Any CPU
		{A659BF56-4F8A-4615-B6CB-23441339D936}.Release|Any CPU.Build.0 = Release|Any CPU
	EndGlobalSection
	GlobalSection(SolutionProperties) = preSolution
		HideSolutionNode = FALSE
	EndGlobalSection
EndGlobal
